
Microsoft Visual Studio Solution File, Format Version 10.00
# Visual Studio 2008
Project("{8BC9CEB8-8B4A-11D0-8D11-00A0C91BC942}") = "3ds2m", "3ds2m.vcproj", "{69372CE8-E509-4530-A2C8-14777623F92E}"
	ProjectSection(ProjectDependencies) = postProject
		{26ABE51C-C73C-43D5-82EB-B4763BE0DAE0} = {26ABE51C-C73C-43D5-82EB-B4763BE0DAE0}
	EndProjectSection
EndProject
Project("{8BC9CEB8-8B4A-11D0-8D11-00A0C91BC942}") = "3ds2rib", "3ds2rib.vcproj", "{600C65FB-2BAF-4400-9495-5601440AABC2}"
	ProjectSection(ProjectDependencies) = postProject
		{26ABE51C-C73C-43D5-82EB-B4763BE0DAE0} = {26ABE51C-C73C-43D5-82EB-B4763BE0DAE0}
	EndProjectSection
EndProject
Project("{8BC9CEB8-8B4A-11D0-8D11-00A0C91BC942}") = "3dsdump", "3dsdump.vcproj", "{32E043DF-F206-4D98-9640-ADA49A81030D}"
	ProjectSection(ProjectDependencies) = postProject
		{26ABE51C-C73C-43D5-82EB-B4763BE0DAE0} = {26ABE51C-C73C-43D5-82EB-B4763BE0DAE0}
	EndProjectSection
EndProject
Project("{8BC9CEB8-8B4A-11D0-8D11-00A0C91BC942}") = "all", "all.vcproj", "{72E9E180-75EA-46CB-AF01-F145E6E718D7}"
	ProjectSection(ProjectDependencies) = postProject
		{26ABE51C-C73C-43D5-82EB-B4763BE0DAE0} = {26ABE51C-C73C-43D5-82EB-B4763BE0DAE0}
		{F258DDA2-2B84-4804-B73B-A76B3BA6ACB8} = {F258DDA2-2B84-4804-B73B-A76B3BA6ACB8}
		{69372CE8-E509-4530-A2C8-14777623F92E} = {69372CE8-E509-4530-A2C8-14777623F92E}
		{600C65FB-2BAF-4400-9495-5601440AABC2} = {600C65FB-2BAF-4400-9495-5601440AABC2}
		{32E043DF-F206-4D98-9640-ADA49A81030D} = {32E043DF-F206-4D98-9640-ADA49A81030D}
		{1F40D801-2FF9-43EF-87CE-960446208A76} = {1F40D801-2FF9-43EF-87CE-960446208A76}
	EndProjectSection
EndProject
Project("{8BC9CEB8-8B4A-11D0-8D11-00A0C91BC942}") = "lib3ds_dll", "lib3ds_dll.vcproj", "{F258DDA2-2B84-4804-B73B-A76B3BA6ACB8}"
EndProject
Project("{8BC9CEB8-8B4A-11D0-8D11-00A0C91BC942}") = "lib3ds_lib", "lib3ds_lib.vcproj", "{26ABE51C-C73C-43D5-82EB-B4763BE0DAE0}"
EndProject
Project("{8BC9CEB8-8B4A-11D0-8D11-00A0C91BC942}") = "player", "player.vcproj", "{1F40D801-2FF9-43EF-87CE-960446208A76}"
	ProjectSection(ProjectDependencies) = postProject
		{26ABE51C-C73C-43D5-82EB-B4763BE0DAE0} = {26ABE51C-C73C-43D5-82EB-B4763BE0DAE0}
	EndProjectSection
EndProject
Global
	GlobalSection(SolutionConfigurationPlatforms) = preSolution
		Debug|Win32 = Debug|Win32
		Debug|x64 = Debug|x64
		Release|Win32 = Release|Win32
		Release|x64 = Release|x64
	EndGlobalSection
	GlobalSection(ProjectConfigurationPlatforms) = postSolution
		{69372CE8-E509-4530-A2C8-14777623F92E}.Debug|Win32.ActiveCfg = Debug|Win32
		{69372CE8-E509-4530-A2C8-14777623F92E}.Debug|Win32.Build.0 = Debug|Win32
		{69372CE8-E509-4530-A2C8-14777623F92E}.Debug|x64.ActiveCfg = Debug|x64
		{69372CE8-E509-4530-A2C8-14777623F92E}.Debug|x64.Build.0 = Debug|x64
		{69372CE8-E509-4530-A2C8-14777623F92E}.Release|Win32.ActiveCfg = Release|Win32
		{69372CE8-E509-4530-A2C8-14777623F92E}.Release|Win32.Build.0 = Release|Win32
		{69372CE8-E509-4530-A2C8-14777623F92E}.Release|x64.ActiveCfg = Release|x64
		{69372CE8-E509-4530-A2C8-14777623F92E}.Release|x64.Build.0 = Release|x64
		{600C65FB-2BAF-4400-9495-5601440AABC2}.Debug|Win32.ActiveCfg = Debug|Win32
		{600C65FB-2BAF-4400-9495-5601440AABC2}.Debug|Win32.Build.0 = Debug|Win32
		{600C65FB-2BAF-4400-9495-5601440AABC2}.Debug|x64.ActiveCfg = Debug|x64
		{600C65FB-2BAF-4400-9495-5601440AABC2}.Debug|x64.Build.0 = Debug|x64
		{600C65FB-2BAF-4400-9495-5601440AABC2}.Release|Win32.ActiveCfg = Release|Win32
		{600C65FB-2BAF-4400-9495-5601440AABC2}.Release|Win32.Build.0 = Release|Win32
		{600C65FB-2BAF-4400-9495-5601440AABC2}.Release|x64.ActiveCfg = Release|x64
		{600C65FB-2BAF-4400-9495-5601440AABC2}.Release|x64.Build.0 = Release|x64
		{32E043DF-F206-4D98-9640-ADA49A81030D}.Debug|Win32.ActiveCfg = Debug|Win32
		{32E043DF-F206-4D98-9640-ADA49A81030D}.Debug|Win32.Build.0 = Debug|Win32
		{32E043DF-F206-4D98-9640-ADA49A81030D}.Debug|x64.ActiveCfg = Debug|x64
		{32E043DF-F206-4D98-9640-ADA49A81030D}.Debug|x64.Build.0 = Debug|x64
		{32E043DF-F206-4D98-9640-ADA49A81030D}.Release|Win32.ActiveCfg = Release|Win32
		{32E043DF-F206-4D98-9640-ADA49A81030D}.Release|Win32.Build.0 = Release|Win32
		{32E043DF-F206-4D98-9640-ADA49A81030D}.Release|x64.ActiveCfg = Release|x64
		{32E043DF-F206-4D98-9640-ADA49A81030D}.Release|x64.Build.0 = Release|x64
		{72E9E180-75EA-46CB-AF01-F145E6E718D7}.Debug|Win32.ActiveCfg = Debug|Win32
		{72E9E180-75EA-46CB-AF01-F145E6E718D7}.Debug|Win32.Build.0 = Debug|Win32
		{72E9E180-75EA-46CB-AF01-F145E6E718D7}.Debug|x64.ActiveCfg = Debug|x64
		{72E9E180-75EA-46CB-AF01-F145E6E718D7}.Debug|x64.Build.0 = Debug|x64
		{72E9E180-75EA-46CB-AF01-F145E6E718D7}.Release|Win32.ActiveCfg = Release|Win32
		{72E9E180-75EA-46CB-AF01-F145E6E718D7}.Release|Win32.Build.0 = Release|Win32
		{72E9E180-75EA-46CB-AF01-F145E6E718D7}.Release|x64.ActiveCfg = Release|x64
		{72E9E180-75EA-46CB-AF01-F145E6E718D7}.Release|x64.Build.0 = Release|x64
		{F258DDA2-2B84-4804-B73B-A76B3BA6ACB8}.Debug|Win32.ActiveCfg = Debug|Win32
		{F258DDA2-2B84-4804-B73B-A76B3BA6ACB8}.Debug|Win32.Build.0 = Debug|Win32
		{F258DDA2-2B84-4804-B73B-A76B3BA6ACB8}.Debug|x64.ActiveCfg = Debug|x64
		{F258DDA2-2B84-4804-B73B-A76B3BA6ACB8}.Debug|x64.Build.0 = Debug|x64
		{F258DDA2-2B84-4804-B73B-A76B3BA6ACB8}.Release|Win32.ActiveCfg = Release|Win32
		{F258DDA2-2B84-4804-B73B-A76B3BA6ACB8}.Release|Win32.Build.0 = Release|Win32
		{F258DDA2-2B84-4804-B73B-A76B3BA6ACB8}.Release|x64.ActiveCfg = Release|x64
		{F258DDA2-2B84-4804-B73B-A76B3BA6ACB8}.Release|x64.Build.0 = Release|x64
		{26ABE51C-C73C-43D5-82EB-B4763BE0DAE0}.Debug|Win32.ActiveCfg = Debug|Win32
		{26ABE51C-C73C-43D5-82EB-B4763BE0DAE0}.Debug|Win32.Build.0 = Debug|Win32
		{26ABE51C-C73C-43D5-82EB-B4763BE0DAE0}.Debug|x64.ActiveCfg = Debug|x64
		{26ABE51C-C73C-43D5-82EB-B4763BE0DAE0}.Debug|x64.Build.0 = Debug|x64
		{26ABE51C-C73C-43D5-82EB-B4763BE0DAE0}.Release|Win32.ActiveCfg = Release|Win32
		{26ABE51C-C73C-43D5-82EB-B4763BE0DAE0}.Release|Win32.Build.0 = Release|Win32
		{26ABE51C-C73C-43D5-82EB-B4763BE0DAE0}.Release|x64.ActiveCfg = Release|x64
		{26ABE51C-C73C-43D5-82EB-B4763BE0DAE0}.Release|x64.Build.0 = Release|x64
		{1F40D801-2FF9-43EF-87CE-960446208A76}.Debug|Win32.ActiveCfg = Debug|Win32
		{1F40D801-2FF9-43EF-87CE-960446208A76}.Debug|Win32.Build.0 = Debug|Win32
		{1F40D801-2FF9-43EF-87CE-960446208A76}.Debug|x64.ActiveCfg = Debug|x64
		{1F40D801-2FF9-43EF-87CE-960446208A76}.Debug|x64.Build.0 = Debug|x64
		{1F40D801-2FF9-43EF-87CE-960446208A76}.Release|Win32.ActiveCfg = Release|Win32
		{1F40D801-2FF9-43EF-87CE-960446208A76}.Release|Win32.Build.0 = Release|Win32
		{1F40D801-2FF9-43EF-87CE-960446208A76}.Release|x64.ActiveCfg = Release|x64
		{1F40D801-2FF9-43EF-87CE-960446208A76}.Release|x64.Build.0 = Release|x64
	EndGlobalSection
	GlobalSection(SolutionProperties) = preSolution
		HideSolutionNode = FALSE
	EndGlobalSection
EndGlobal
